
Microsoft Visual Studio Solution File, Format Version 11.00
# Visual Studio 2010
# SharpDevelop 5.1
Project("{FAE04EC0-301F-11D3-BF4B-00C04F79EFBC}") = "Tugas4_Complex_201401032", "Tugas4_201401032\Tugas4_Complex_201401032.csproj", "{73ECB724-CECD-42D4-9212-D1FB7E952195}"
EndProject
Global
	GlobalSection(SolutionConfigurationPlatforms) = preSolution
		Debug|Any CPU = Debug|Any CPU
		Release|Any CPU = Release|Any CPU
	EndGlobalSection
	GlobalSection(ProjectConfigurationPlatforms) = postSolution
		{73ECB724-CECD-42D4-9212-D1FB7E952195}.Debug|Any CPU.ActiveCfg = Debug|Any CPU
		{73ECB724-CECD-42D4-9212-D1FB7E952195}.Debug|Any CPU.Build.0 = Debug|Any CPU
		{73ECB724-CECD-42D4-9212-D1FB7E952195}.Release|Any CPU.ActiveCfg = Release|Any CPU
		{73ECB724-CECD-42D4-9212-D1FB7E952195}.Release|Any CPU.Build.0 = Release|Any CPU
	EndGlobalSection
EndGlobal
